PODS:
  - BEPureLayout (0.2.0):
    - PureLayout
  - PureLayout (3.1.6)

DEPENDENCIES:
  - BEPureLayout (from `../`)

SPEC REPOS:
  trunk:
    - PureLayout

EXTERNAL SOURCES:
  BEPureLayout:
    :path: "../"

SPEC CHECKSUMS:
  BEPureLayout: 375afc3f2a07c1662d524e266316499e59c780e4
  PureLayout: bd3c4ec3a3819ad387c99ebb72c6b129c3ed4d2d

PODFILE CHECKSUM: 626814d1ba1180a0c4bc30a7d92ad3e10ca31314

COCOAPODS: 1.10.0
