PODS:
  - BEPureLayout (0.1.1):
    - PureLayout
  - PureLayout (3.1.6)

DEPENDENCIES:
  - BEPureLayout (from `../`)

SPEC REPOS:
  trunk:
    - PureLayout

EXTERNAL SOURCES:
  BEPureLayout:
    :path: "../"

SPEC CHECKSUMS:
  BEPureLayout: 147837b5b0ad035ff64b9a594b4d74ff0e82eddc
  PureLayout: bd3c4ec3a3819ad387c99ebb72c6b129c3ed4d2d

PODFILE CHECKSUM: c693a21b46c1101fcf2a8795fb4f895654384706

COCOAPODS: 1.9.2
